
Microsoft Visual Studio Solution File, Format Version 12.00
# Visual Studio Version 17
VisualStudioVersion = 17.10.35027.167
MinimumVisualStudioVersion = 10.0.40219.1
Project("{FAE04EC0-301F-11D3-BF4B-00C04F79EFBC}") = "MathVectorProject", "MathVectorProject.csproj", "{F2CFD6B8-6D76-4BF6-94BE-2B1CD6FF1960}"
EndProject
Project("{FAE04EC0-301F-11D3-BF4B-00C04F79EFBC}") = "VectorDemo", "..\VectorDemo\VectorDemo.csproj", "{1D1F3416-1A3E-4108-A6F6-42196895872E}"
EndProject
Project("{2150E333-8FDC-42A3-9474-1A3956D46DE8}") = "Элементы решения", "Элементы решения", "{78F865E2-75D9-4F06-806D-CCE16D0F943E}"
	ProjectSection(SolutionItems) = preProject
		.gitignore = .gitignore
		README.md = README.md
	EndProjectSection
EndProject
Global
	GlobalSection(SolutionConfigurationPlatforms) = preSolution
		Debug|Any CPU = Debug|Any CPU
		Release|Any CPU = Release|Any CPU
	EndGlobalSection
	GlobalSection(ProjectConfigurationPlatforms) = postSolution
		{F2CFD6B8-6D76-4BF6-94BE-2B1CD6FF1960}.Debug|Any CPU.ActiveCfg = Debug|Any CPU
		{F2CFD6B8-6D76-4BF6-94BE-2B1CD6FF1960}.Debug|Any CPU.Build.0 = Debug|Any CPU
		{F2CFD6B8-6D76-4BF6-94BE-2B1CD6FF1960}.Release|Any CPU.ActiveCfg = Release|Any CPU
		{F2CFD6B8-6D76-4BF6-94BE-2B1CD6FF1960}.Release|Any CPU.Build.0 = Release|Any CPU
		{1D1F3416-1A3E-4108-A6F6-42196895872E}.Debug|Any CPU.ActiveCfg = Debug|Any CPU
		{1D1F3416-1A3E-4108-A6F6-42196895872E}.Debug|Any CPU.Build.0 = Debug|Any CPU
		{1D1F3416-1A3E-4108-A6F6-42196895872E}.Release|Any CPU.ActiveCfg = Release|Any CPU
		{1D1F3416-1A3E-4108-A6F6-42196895872E}.Release|Any CPU.Build.0 = Release|Any CPU
	EndGlobalSection
	GlobalSection(SolutionProperties) = preSolution
		HideSolutionNode = FALSE
	EndGlobalSection
	GlobalSection(ExtensibilityGlobals) = postSolution
		SolutionGuid = {6D148FB6-5FC8-40AA-8D72-98B12A1A42B3}
	EndGlobalSection
EndGlobal
